
Microsoft Visual Studio Solution File, Format Version 12.00
# Visual Studio Version 17
VisualStudioVersion = 17.0.31903.59
MinimumVisualStudioVersion = 10.0.40219.1
Project("{2150E333-8FDC-42A3-9474-1A3956D46DE8}") = "src", "src", "{827E0CD3-B72D-47B6-A68D-7590B98EB39B}"
EndProject
Project("{FAE04EC0-301F-11D3-BF4B-00C04F79EFBC}") = "LiteTerm.App", "src\LiteTerm.App\LiteTerm.App.csproj", "{166AE623-F3FB-44AD-9284-B92180C42BBB}"
EndProject
Project("{FAE04EC0-301F-11D3-BF4B-00C04F79EFBC}") = "LiteTerm.Core", "src\LiteTerm.Core\LiteTerm.Core.csproj", "{0C7DEF86-A356-4C1D-AF1A-4C4B282097D8}"
EndProject
Project("{FAE04EC0-301F-11D3-BF4B-00C04F79EFBC}") = "LiteTerm.Infrastructure", "src\LiteTerm.Infrastructure\LiteTerm.Infrastructure.csproj", "{C42888B6-5629-4146-B9C2-9ABF08064F83}"
EndProject
Project("{2150E333-8FDC-42A3-9474-1A3956D46DE8}") = "tests", "tests", "{0AB3BF05-4346-4AA6-1389-037BE0695223}"
EndProject
Project("{FAE04EC0-301F-11D3-BF4B-00C04F79EFBC}") = "LiteTerm.Tests", "tests\LiteTerm.Tests\LiteTerm.Tests.csproj", "{6E088F22-C429-4A63-A5E8-B4F1FF34EC8B}"
EndProject
Global
	GlobalSection(SolutionConfigurationPlatforms) = preSolution
		Debug|Any CPU = Debug|Any CPU
		Debug|x64 = Debug|x64
		Debug|x86 = Debug|x86
		Release|Any CPU = Release|Any CPU
		Release|x64 = Release|x64
		Release|x86 = Release|x86
	EndGlobalSection
	GlobalSection(ProjectConfigurationPlatforms) = postSolution
		{166AE623-F3FB-44AD-9284-B92180C42BBB}.Debug|Any CPU.ActiveCfg = Debug|Any CPU
		{166AE623-F3FB-44AD-9284-B92180C42BBB}.Debug|Any CPU.Build.0 = Debug|Any CPU
		{166AE623-F3FB-44AD-9284-B92180C42BBB}.Debug|x64.ActiveCfg = Debug|Any CPU
		{166AE623-F3FB-44AD-9284-B92180C42BBB}.Debug|x64.Build.0 = Debug|Any CPU
		{166AE623-F3FB-44AD-9284-B92180C42BBB}.Debug|x86.ActiveCfg = Debug|Any CPU
		{166AE623-F3FB-44AD-9284-B92180C42BBB}.Debug|x86.Build.0 = Debug|Any CPU
		{166AE623-F3FB-44AD-9284-B92180C42BBB}.Release|Any CPU.ActiveCfg = Release|Any CPU
		{166AE623-F3FB-44AD-9284-B92180C42BBB}.Release|Any CPU.Build.0 = Release|Any CPU
		{166AE623-F3FB-44AD-9284-B92180C42BBB}.Release|x64.ActiveCfg = Release|Any CPU
		{166AE623-F3FB-44AD-9284-B92180C42BBB}.Release|x64.Build.0 = Release|Any CPU
		{166AE623-F3FB-44AD-9284-B92180C42BBB}.Release|x86.ActiveCfg = Release|Any CPU
		{166AE623-F3FB-44AD-9284-B92180C42BBB}.Release|x86.Build.0 = Release|Any CPU
		{0C7DEF86-A356-4C1D-AF1A-4C4B282097D8}.Debug|Any CPU.ActiveCfg = Debug|Any CPU
		{0C7DEF86-A356-4C1D-AF1A-4C4B282097D8}.Debug|Any CPU.Build.0 = Debug|Any CPU
		{0C7DEF86-A356-4C1D-AF1A-4C4B282097D8}.Debug|x64.ActiveCfg = Debug|Any CPU
		{0C7DEF86-A356-4C1D-AF1A-4C4B282097D8}.Debug|x64.Build.0 = Debug|Any CPU
		{0C7DEF86-A356-4C1D-AF1A-4C4B282097D8}.Debug|x86.ActiveCfg = Debug|Any CPU
		{0C7DEF86-A356-4C1D-AF1A-4C4B282097D8}.Debug|x86.Build.0 = Debug|Any CPU
		{0C7DEF86-A356-4C1D-AF1A-4C4B282097D8}.Release|Any CPU.ActiveCfg = Release|Any CPU
		{0C7DEF86-A356-4C1D-AF1A-4C4B282097D8}.Release|Any CPU.Build.0 = Release|Any CPU
		{0C7DEF86-A356-4C1D-AF1A-4C4B282097D8}.Release|x64.ActiveCfg = Release|Any CPU
		{0C7DEF86-A356-4C1D-AF1A-4C4B282097D8}.Release|x64.Build.0 = Release|Any CPU
		{0C7DEF86-A356-4C1D-AF1A-4C4B282097D8}.Release|x86.ActiveCfg = Release|Any CPU
		{0C7DEF86-A356-4C1D-AF1A-4C4B282097D8}.Release|x86.Build.0 = Release|Any CPU
		{C42888B6-5629-4146-B9C2-9ABF08064F83}.Debug|Any CPU.ActiveCfg = Debug|Any CPU
		{C42888B6-5629-4146-B9C2-9ABF08064F83}.Debug|Any CPU.Build.0 = Debug|Any CPU
		{C42888B6-5629-4146-B9C2-9ABF08064F83}.Debug|x64.ActiveCfg = Debug|Any CPU
		{C42888B6-5629-4146-B9C2-9ABF08064F83}.Debug|x64.Build.0 = Debug|Any CPU
		{C42888B6-5629-4146-B9C2-9ABF08064F83}.Debug|x86.ActiveCfg = Debug|Any CPU
		{C42888B6-5629-4146-B9C2-9ABF08064F83}.Debug|x86.Build.0 = Debug|Any CPU
		{C42888B6-5629-4146-B9C2-9ABF08064F83}.Release|Any CPU.ActiveCfg = Release|Any CPU
		{C42888B6-5629-4146-B9C2-9ABF08064F83}.Release|Any CPU.Build.0 = Release|Any CPU
		{C42888B6-5629-4146-B9C2-9ABF08064F83}.Release|x64.ActiveCfg = Release|Any CPU
		{C42888B6-5629-4146-B9C2-9ABF08064F83}.Release|x64.Build.0 = Release|Any CPU
		{C42888B6-5629-4146-B9C2-9ABF08064F83}.Release|x86.ActiveCfg = Release|Any CPU
		{C42888B6-5629-4146-B9C2-9ABF08064F83}.Release|x86.Build.0 = Release|Any CPU
		{6E088F22-C429-4A63-A5E8-B4F1FF34EC8B}.Debug|Any CPU.ActiveCfg = Debug|Any CPU
		{6E088F22-C429-4A63-A5E8-B4F1FF34EC8B}.Debug|Any CPU.Build.0 = Debug|Any CPU
		{6E088F22-C429-4A63-A5E8-B4F1FF34EC8B}.Debug|x64.ActiveCfg = Debug|Any CPU
		{6E088F22-C429-4A63-A5E8-B4F1FF34EC8B}.Debug|x64.Build.0 = Debug|Any CPU
		{6E088F22-C429-4A63-A5E8-B4F1FF34EC8B}.Debug|x86.ActiveCfg = Debug|Any CPU
		{6E088F22-C429-4A63-A5E8-B4F1FF34EC8B}.Debug|x86.Build.0 = Debug|Any CPU
		{6E088F22-C429-4A63-A5E8-B4F1FF34EC8B}.Release|Any CPU.ActiveCfg = Release|Any CPU
		{6E088F22-C429-4A63-A5E8-B4F1FF34EC8B}.Release|Any CPU.Build.0 = Release|Any CPU
		{6E088F22-C429-4A63-A5E8-B4F1FF34EC8B}.Release|x64.ActiveCfg = Release|Any CPU
		{6E088F22-C429-4A63-A5E8-B4F1FF34EC8B}.Release|x64.Build.0 = Release|Any CPU
		{6E088F22-C429-4A63-A5E8-B4F1FF34EC8B}.Release|x86.ActiveCfg = Release|Any CPU
		{6E088F22-C429-4A63-A5E8-B4F1FF34EC8B}.Release|x86.Build.0 = Release|Any CPU
	EndGlobalSection
	GlobalSection(SolutionProperties) = preSolution
		HideSolutionNode = FALSE
	EndGlobalSection
	GlobalSection(NestedProjects) = preSolution
		{166AE623-F3FB-44AD-9284-B92180C42BBB} = {827E0CD3-B72D-47B6-A68D-7590B98EB39B}
		{0C7DEF86-A356-4C1D-AF1A-4C4B282097D8} = {827E0CD3-B72D-47B6-A68D-7590B98EB39B}
		{C42888B6-5629-4146-B9C2-9ABF08064F83} = {827E0CD3-B72D-47B6-A68D-7590B98EB39B}
		{6E088F22-C429-4A63-A5E8-B4F1FF34EC8B} = {0AB3BF05-4346-4AA6-1389-037BE0695223}
	EndGlobalSection
EndGlobal
